// !$*UTF8*$!
{
	archiveVersion = 1;
	classes = {
	};
	objectVersion = 46;
	objects = {

/* Begin PBXBuildFile section */
		240CF12819851C6F00B19319 /* AppDelegate.swift in Sources */ = {isa = PBXBuildFile; fileRef = 240CF12719851C6F00B19319 /* AppDelegate.swift */; };
		240CF12A19851C6F00B19319 /* GameScene.sks in Resources */ = {isa = PBXBuildFile; fileRef = 240CF12919851C6F00B19319 /* GameScene.sks */; };
		240CF12C19851C6F00B19319 /* GameScene.swift in Sources */ = {isa = PBXBuildFile; fileRef = 240CF12B19851C6F00B19319 /* GameScene.swift */; };
		240CF12E19851C6F00B19319 /* GameViewController.swift in Sources */ = {isa = PBXBuildFile; fileRef = 240CF12D19851C6F00B19319 /* GameViewController.swift */; };
		240CF13119851C6F00B19319 /* Main.storyboard in Resources */ = {isa = PBXBuildFile; fileRef = 240CF12F19851C6F00B19319 /* Main.storyboard */; };
		240CF13319851C6F00B19319 /* Images.xcassets in Resources */ = {isa = PBXBuildFile; fileRef = 240CF13219851C6F00B19319 /* Images.xcassets */; };
		240CF13F19851C6F00B19319 /* PongOverrideTests.swift in Sources */ = {isa = PBXBuildFile; fileRef = 240CF13E19851C6F00B19319 /* PongOverrideTests.swift */; };
/* End PBXBuildFile section */

/* Begin PBXContainerItemProxy section */
		240CF13919851C6F00B19319 /* PBXContainerItemProxy */ = {
			isa = PBXContainerItemProxy;
			containerPortal = 240CF11A19851C6F00B19319 /* Project object */;
			proxyType = 1;
			remoteGlobalIDString = 240CF12119851C6F00B19319;
			remoteInfo = PongOverride;
		};
/* End PBXContainerItemProxy section */

/* Begin PBXFileReference section */
		240CF12219851C6F00B19319 /* PongOverride.app */ = {isa = PBXFileReference; explicitFileType = wrapper.application; includeInIndex = 0; path = PongOverride.app; sourceTree = BUILT_PRODUCTS_DIR; };
		240CF12619851C6F00B19319 /* Info.plist */ = {isa = PBXFileReference; lastKnownFileType = text.plist.xml; path = Info.plist; sourceTree = "<group>"; };
		240CF12719851C6F00B19319 /* AppDelegate.swift */ = {isa = PBXFileReference; lastKnownFileType = sourcecode.swift; path = AppDelegate.swift; sourceTree = "<group>"; };
		240CF12919851C6F00B19319 /* GameScene.sks */ = {isa = PBXFileReference; lastKnownFileType = file.sks; path = GameScene.sks; sourceTree = "<group>"; };
		240CF12B19851C6F00B19319 /* GameScene.swift */ = {isa = PBXFileReference; lastKnownFileType = sourcecode.swift; path = GameScene.swift; sourceTree = "<group>"; };
		240CF12D19851C6F00B19319 /* GameViewController.swift */ = {isa = PBXFileReference; lastKnownFileType = sourcecode.swift; path = GameViewController.swift; sourceTree = "<group>"; };
		240CF13019851C6F00B19319 /* Base */ = {isa = PBXFileReference; lastKnownFileType = file.storyboard; name = Base; path = Base.lproj/Main.storyboard; sourceTree = "<group>"; };
		240CF13219851C6F00B19319 /* Images.xcassets */ = {isa = PBXFileReference; lastKnownFileType = folder.assetcatalog; path = Images.xcassets; sourceTree = "<group>"; };
		240CF13819851C6F00B19319 /* PongOverrideTests.xctest */ = {isa = PBXFileReference; explicitFileType = wrapper.cfbundle; includeInIndex = 0; path = PongOverrideTests.xctest; sourceTree = BUILT_PRODUCTS_DIR; };
		240CF13D19851C6F00B19319 /* Info.plist */ = {isa = PBXFileReference; lastKnownFileType = text.plist.xml; path = Info.plist; sourceTree = "<group>"; };
		240CF13E19851C6F00B19319 /* PongOverrideTests.swift */ = {isa = PBXFileReference; lastKnownFileType = sourcecode.swift; path = PongOverrideTests.swift; sourceTree = "<group>"; };
/* End PBXFileReference section */

/* Begin PBXFrameworksBuildPhase section */
		240CF11F19851C6F00B19319 /* Frameworks */ = {
			isa = PBXFrameworksBuildPhase;
			buildActionMask = 2147483647;
			files = (
			);
			runOnlyForDeploymentPostprocessing = 0;
		};
		240CF13519851C6F00B19319 /* Frameworks */ = {
			isa = PBXFrameworksBuildPhase;
			buildActionMask = 2147483647;
			files = (
			);
			runOnlyForDeploymentPostprocessing = 0;
		};
/* End PBXFrameworksBuildPhase section */

/* Begin PBXGroup section */
		240CF11919851C6F00B19319 = {
			isa = PBXGroup;
			children = (
				240CF12419851C6F00B19319 /* PongOverride */,
				240CF13B19851C6F00B19319 /* PongOverrideTests */,
				240CF12319851C6F00B19319 /* Products */,
			);
			sourceTree = "<group>";
		};
		240CF12319851C6F00B19319 /* Products */ = {
			isa = PBXGroup;
			children = (
				240CF12219851C6F00B19319 /* PongOverride.app */,
				240CF13819851C6F00B19319 /* PongOverrideTests.xctest */,
			);
			name = Products;
			sourceTree = "<group>";
		};
		240CF12419851C6F00B19319 /* PongOverride */ = {
			isa = PBXGroup;
			children = (
				240CF12719851C6F00B19319 /* AppDelegate.swift */,
				240CF12919851C6F00B19319 /* GameScene.sks */,
				240CF12B19851C6F00B19319 /* GameScene.swift */,
				240CF12D19851C6F00B19319 /* GameViewController.swift */,
				240CF12F19851C6F00B19319 /* Main.storyboard */,
				240CF13219851C6F00B19319 /* Images.xcassets */,
				240CF12519851C6F00B19319 /* Supporting Files */,
			);
			path = PongOverride;
			sourceTree = "<group>";
		};
		240CF12519851C6F00B19319 /* Supporting Files */ = {
			isa = PBXGroup;
			children = (
				240CF12619851C6F00B19319 /* Info.plist */,
			);
			name = "Supporting Files";
			sourceTree = "<group>";
		};
		240CF13B19851C6F00B19319 /* PongOverrideTests */ = {
			isa = PBXGroup;
			children = (
				240CF13E19851C6F00B19319 /* PongOverrideTests.swift */,
				240CF13C19851C6F00B19319 /* Supporting Files */,
			);
			path = PongOverrideTests;
			sourceTree = "<group>";
		};
		240CF13C19851C6F00B19319 /* Supporting Files */ = {
			isa = PBXGroup;
			children = (
				240CF13D19851C6F00B19319 /* Info.plist */,
			);
			name = "Supporting Files";
			sourceTree = "<group>";
		};
/* End PBXGroup section */

/* Begin PBXNativeTarget section */
		240CF12119851C6F00B19319 /* PongOverride */ = {
			isa = PBXNativeTarget;
			buildConfigurationList = 240CF14219851C6F00B19319 /* Build configuration list for PBXNativeTarget "PongOverride" */;
			buildPhases = (
				240CF11E19851C6F00B19319 /* Sources */,
				240CF11F19851C6F00B19319 /* Frameworks */,
				240CF12019851C6F00B19319 /* Resources */,
			);
			buildRules = (
			);
			dependencies = (
			);
			name = PongOverride;
			productName = PongOverride;
			productReference = 240CF12219851C6F00B19319 /* PongOverride.app */;
			productType = "com.apple.product-type.application";
		};
		240CF13719851C6F00B19319 /* PongOverrideTests */ = {
			isa = PBXNativeTarget;
			buildConfigurationList = 240CF14519851C6F00B19319 /* Build configuration list for PBXNativeTarget "PongOverrideTests" */;
			buildPhases = (
				240CF13419851C6F00B19319 /* Sources */,
				240CF13519851C6F00B19319 /* Frameworks */,
				240CF13619851C6F00B19319 /* Resources */,
			);
			buildRules = (
			);
			dependencies = (
				240CF13A19851C6F00B19319 /* PBXTargetDependency */,
			);
			name = PongOverrideTests;
			productName = PongOverrideTests;
			productReference = 240CF13819851C6F00B19319 /* PongOverrideTests.xctest */;
			productType = "com.apple.product-type.bundle.unit-test";
		};
/* End PBXNativeTarget section */

/* Begin PBXProject section */
		240CF11A19851C6F00B19319 /* Project object */ = {
			isa = PBXProject;
			attributes = {
				LastUpgradeCheck = 0600;
				ORGANIZATIONNAME = "Markus Buhl";
				TargetAttributes = {
					240CF12119851C6F00B19319 = {
						CreatedOnToolsVersion = 6.0;
					};
					240CF13719851C6F00B19319 = {
						CreatedOnToolsVersion = 6.0;
						TestTargetID = 240CF12119851C6F00B19319;
					};
				};
			};
			buildConfigurationList = 240CF11D19851C6F00B19319 /* Build configuration list for PBXProject "PongOverride" */;
			compatibilityVersion = "Xcode 3.2";
			developmentRegion = English;
			hasScannedForEncodings = 0;
			knownRegions = (
				en,
				Base,
			);
			mainGroup = 240CF11919851C6F00B19319;
			productRefGroup = 240CF12319851C6F00B19319 /* Products */;
			projectDirPath = "";
			projectRoot = "";
			targets = (
				240CF12119851C6F00B19319 /* PongOverride */,
				240CF13719851C6F00B19319 /* PongOverrideTests */,
			);
		};
/* End PBXProject section */

/* Begin PBXResourcesBuildPhase section */
		240CF12019851C6F00B19319 /* Resources */ = {
			isa = PBXResourcesBuildPhase;
			buildActionMask = 2147483647;
			files = (
				240CF13319851C6F00B19319 /* Images.xcassets in Resources */,
				240CF12A19851C6F00B19319 /* GameScene.sks in Resources */,
				240CF13119851C6F00B19319 /* Main.storyboard in Resources */,
			);
			runOnlyForDeploymentPostprocessing = 0;
		};
		240CF13619851C6F00B19319 /* Resources */ = {
			isa = PBXResourcesBuildPhase;
			buildActionMask = 2147483647;
			files = (
			);
			runOnlyForDeploymentPostprocessing = 0;
		};
/* End PBXResourcesBuildPhase section */

/* Begin PBXSourcesBuildPhase section */
		240CF11E19851C6F00B19319 /* Sources */ = {
			isa = PBXSourcesBuildPhase;
			buildActionMask = 2147483647;
			files = (
				240CF12C19851C6F00B19319 /* GameScene.swift in Sources */,
				240CF12E19851C6F00B19319 /* GameViewController.swift in Sources */,
				240CF12819851C6F00B19319 /* AppDelegate.swift in Sources */,
			);
			runOnlyForDeploymentPostprocessing = 0;
		};
		240CF13419851C6F00B19319 /* Sources */ = {
			isa = PBXSourcesBuildPhase;
			buildActionMask = 2147483647;
			files = (
				240CF13F19851C6F00B19319 /* PongOverrideTests.swift in Sources */,
			);
			runOnlyForDeploymentPostprocessing = 0;
		};
/* End PBXSourcesBuildPhase section */

/* Begin PBXTargetDependency section */
		240CF13A19851C6F00B19319 /* PBXTargetDependency */ = {
			isa = PBXTargetDependency;
			target = 240CF12119851C6F00B19319 /* PongOverride */;
			targetProxy = 240CF13919851C6F00B19319 /* PBXContainerItemProxy */;
		};
/* End PBXTargetDependency section */

/* Begin PBXVariantGroup section */
		240CF12F19851C6F00B19319 /* Main.storyboard */ = {
			isa = PBXVariantGroup;
			children = (
				240CF13019851C6F00B19319 /* Base */,
			);
			name = Main.storyboard;
			sourceTree = "<group>";
		};
/* End PBXVariantGroup section */

/* Begin XCBuildConfiguration section */
		240CF14019851C6F00B19319 /* Debug */ = {
			isa = XCBuildConfiguration;
			buildSettings = {
				ALWAYS_SEARCH_USER_PATHS = NO;
				CLANG_CXX_LANGUAGE_STANDARD = "gnu++0x";
				CLANG_CXX_LIBRARY = "libc++";
				CLANG_ENABLE_MODULES = YES;
				CLANG_ENABLE_OBJC_ARC = YES;
				CLANG_WARN_BOOL_CONVERSION = YES;
				CLANG_WARN_CONSTANT_CONVERSION = YES;
				CLANG_WARN_DIRECT_OBJC_ISA_USAGE = YES_ERROR;
				CLANG_WARN_EMPTY_BODY = YES;
				CLANG_WARN_ENUM_CONVERSION = YES;
				CLANG_WARN_INT_CONVERSION = YES;
				CLANG_WARN_OBJC_ROOT_CLASS = YES_ERROR;
				CLANG_WARN_UNREACHABLE_CODE = YES;
				CLANG_WARN__DUPLICATE_METHOD_MATCH = YES;
				"CODE_SIGN_IDENTITY[sdk=iphoneos*]" = "iPhone Developer";
				COPY_PHASE_STRIP = NO;
				ENABLE_STRICT_OBJC_MSGSEND = YES;
				GCC_C_LANGUAGE_STANDARD = gnu99;
				GCC_DYNAMIC_NO_PIC = NO;
				GCC_OPTIMIZATION_LEVEL = 0;
				GCC_PREPROCESSOR_DEFINITIONS = (
					"DEBUG=1",
					"$(inherited)",
				);
				GCC_SYMBOLS_PRIVATE_EXTERN = NO;
				GCC_WARN_64_TO_32_BIT_CONVERSION = YES;
				GCC_WARN_ABOUT_RETURN_TYPE = YES_ERROR;
				GCC_WARN_UNDECLARED_SELECTOR = YES;
				GCC_WARN_UNINITIALIZED_AUTOS = YES_AGGRESSIVE;
				GCC_WARN_UNUSED_FUNCTION = YES;
				GCC_WARN_UNUSED_VARIABLE = YES;
				IPHONEOS_DEPLOYMENT_TARGET = 8.0;
				MTL_ENABLE_DEBUG_INFO = YES;
				ONLY_ACTIVE_ARCH = YES;
				SDKROOT = iphoneos;
				SWIFT_OPTIMIZATION_LEVEL = "-Onone";
				TARGETED_DEVICE_FAMILY = "1,2";
			};
			name = Debug;
		};
		240CF14119851C6F00B19319 /* Release */ = {
			isa = XCBuildConfiguration;
			buildSettings = {
				ALWAYS_SEARCH_USER_PATHS = NO;
				CLANG_CXX_LANGUAGE_STANDARD = "gnu++0x";
				CLANG_CXX_LIBRARY = "libc++";
				CLANG_ENABLE_MODULES = YES;
				CLANG_ENABLE_OBJC_ARC = YES;
				CLANG_WARN_BOOL_CONVERSION = YES;
				CLANG_WARN_CONSTANT_CONVERSION = YES;
				CLANG_WARN_DIRECT_OBJC_ISA_USAGE = YES_ERROR;
				CLANG_WARN_EMPTY_BODY = YES;
				CLANG_WARN_ENUM_CONVERSION = YES;
				CLANG_WARN_INT_CONVERSION = YES;
				CLANG_WARN_OBJC_ROOT_CLASS = YES_ERROR;
				CLANG_WARN_UNREACHABLE_CODE = YES;
				CLANG_WARN__DUPLICATE_METHOD_MATCH = YES;
				"CODE_SIGN_IDENTITY[sdk=iphoneos*]" = "iPhone Developer";
				COPY_PHASE_STRIP = YES;
				ENABLE_NS_ASSERTIONS = NO;
				ENABLE_STRICT_OBJC_MSGSEND = YES;
				GCC_C_LANGUAGE_STANDARD = gnu99;
				GCC_WARN_64_TO_32_BIT_CONVERSION = YES;
				GCC_WARN_ABOUT_RETURN_TYPE = YES_ERROR;
				GCC_WARN_UNDECLARED_SELECTOR = YES;
				GCC_WARN_UNINITIALIZED_AUTOS = YES_AGGRESSIVE;
				GCC_WARN_UNUSED_FUNCTION = YES;
				GCC_WARN_UNUSED_VARIABLE = YES;
				IPHONEOS_DEPLOYMENT_TARGET = 8.0;
				MTL_ENABLE_DEBUG_INFO = NO;
				SDKROOT = iphoneos;
				TARGETED_DEVICE_FAMILY = "1,2";
				VALIDATE_PRODUCT = YES;
			};
			name = Release;
		};
		240CF14319851C6F00B19319 /* Debug */ = {
			isa = XCBuildConfiguration;
			buildSettings = {
				ASSETCATALOG_COMPILER_APPICON_NAME = AppIcon;
				ASSETCATALOG_COMPILER_LAUNCHIMAGE_NAME = LaunchImage;
				INFOPLIST_FILE = PongOverride/Info.plist;
				LD_RUNPATH_SEARCH_PATHS = "$(inherited) @executable_path/Frameworks";
				PRODUCT_NAME = "$(TARGET_NAME)";
			};
			name = Debug;
		};
		240CF14419851C6F00B19319 /* Release */ = {
			isa = XCBuildConfiguration;
			buildSettings = {
				ASSETCATALOG_COMPILER_APPICON_NAME = AppIcon;
				ASSETCATALOG_COMPILER_LAUNCHIMAGE_NAME = LaunchImage;
				INFOPLIST_FILE = PongOverride/Info.plist;
				LD_RUNPATH_SEARCH_PATHS = "$(inherited) @executable_path/Frameworks";
				PRODUCT_NAME = "$(TARGET_NAME)";
			};
			name = Release;
		};
		240CF14619851C6F00B19319 /* Debug */ = {
			isa = XCBuildConfiguration;
			buildSettings = {
				BUNDLE_LOADER = "$(BUILT_PRODUCTS_DIR)/PongOverride.app/PongOverride";
				FRAMEWORK_SEARCH_PATHS = (
					"$(SDKROOT)/Developer/Library/Frameworks",
					"$(inherited)",
				);
				GCC_PREPROCESSOR_DEFINITIONS = (
					"DEBUG=1",
					"$(inherited)",
				);
				INFOPLIST_FILE = PongOverrideTests/Info.plist;
				LD_RUNPATH_SEARCH_PATHS = "$(inherited) @executable_path/Frameworks @loader_path/Frameworks";
				PRODUCT_NAME = "$(TARGET_NAME)";
				TEST_HOST = "$(BUNDLE_LOADER)";
			};
			name = Debug;
		};
		240CF14719851C6F00B19319 /* Release */ = {
			isa = XCBuildConfiguration;
			buildSettings = {
				BUNDLE_LOADER = "$(BUILT_PRODUCTS_DIR)/PongOverride.app/PongOverride";
				FRAMEWORK_SEARCH_PATHS = (
					"$(SDKROOT)/Developer/Library/Frameworks",
					"$(inherited)",
				);
				INFOPLIST_FILE = PongOverrideTests/Info.plist;
				LD_RUNPATH_SEARCH_PATHS = "$(inherited) @executable_path/Frameworks @loader_path/Frameworks";
				PRODUCT_NAME = "$(TARGET_NAME)";
				TEST_HOST = "$(BUNDLE_LOADER)";
			};
			name = Release;
		};
/* End XCBuildConfiguration section */

/* Begin XCConfigurationList section */
		240CF11D19851C6F00B19319 /* Build configuration list for PBXProject "PongOverride" */ = {
			isa = XCConfigurationList;
			buildConfigurations = (
				240CF14019851C6F00B19319 /* Debug */,
				240CF14119851C6F00B19319 /* Release */,
			);
			defaultConfigurationIsVisible = 0;
			defaultConfigurationName = Release;
		};
		240CF14219851C6F00B19319 /* Build configuration list for PBXNativeTarget "PongOverride" */ = {
			isa = XCConfigurationList;
			buildConfigurations = (
				240CF14319851C6F00B19319 /* Debug */,
				240CF14419851C6F00B19319 /* Release */,
			);
			defaultConfigurationIsVisible = 0;
		};
		240CF14519851C6F00B19319 /* Build configuration list for PBXNativeTarget "PongOverrideTests" */ = {
			isa = XCConfigurationList;
			buildConfigurations = (
				240CF14619851C6F00B19319 /* Debug */,
				240CF14719851C6F00B19319 /* Release */,
			);
			defaultConfigurationIsVisible = 0;
		};
/* End XCConfigurationList section */
	};
	rootObject = 240CF11A19851C6F00B19319 /* Project object */;
}
